
Microsoft Visual Studio Solution File, Format Version 12.00
# Visual Studio Version 16
VisualStudioVersion = 16.0.29709.97
MinimumVisualStudioVersion = 10.0.40219.1
Project("{8BC9CEB8-8B4A-11D0-8D11-00A0C91BC942}") = "SessionPlugin", "SessionPlugin\SessionPlugin.vcxproj", "{8753D6DE-F5E3-4364-920E-C4A7973CE747}"
EndProject
Global
	GlobalSection(SolutionConfigurationPlatforms) = preSolution
		Debug|x64 = Debug|x64
		Debug|x86 = Debug|x86
		Release|x64 = Release|x64
		Release|x86 = Release|x86
	EndGlobalSection
	GlobalSection(ProjectConfigurationPlatforms) = postSolution
		{8753D6DE-F5E3-4364-920E-C4A7973CE747}.Debug|x64.ActiveCfg = Debug|x64
		{8753D6DE-F5E3-4364-920E-C4A7973CE747}.Debug|x64.Build.0 = Debug|x64
		{8753D6DE-F5E3-4364-920E-C4A7973CE747}.Debug|x86.ActiveCfg = Debug|Win32
		{8753D6DE-F5E3-4364-920E-C4A7973CE747}.Debug|x86.Build.0 = Debug|Win32
		{8753D6DE-F5E3-4364-920E-C4A7973CE747}.Release|x64.ActiveCfg = Release|x64
		{8753D6DE-F5E3-4364-920E-C4A7973CE747}.Release|x64.Build.0 = Release|x64
		{8753D6DE-F5E3-4364-920E-C4A7973CE747}.Release|x86.ActiveCfg = Release|Win32
		{8753D6DE-F5E3-4364-920E-C4A7973CE747}.Release|x86.Build.0 = Release|Win32
	EndGlobalSection
	GlobalSection(SolutionProperties) = preSolution
		HideSolutionNode = FALSE
	EndGlobalSection
	GlobalSection(ExtensibilityGlobals) = postSolution
		SolutionGuid = {26DC7C0C-74C4-4EF3-B684-45E4264A3DCC}
	EndGlobalSection
EndGlobal
